// !$*UTF8*$!
{
	archiveVersion = 1;
	classes = {
	};
	objectVersion = 46;
	objects = {

/* Begin PBXBuildFile section */
		F0D0B0F41AEA623B00DB4C31 /* BallView.swift in Sources */ = {isa = PBXBuildFile; fileRef = F0D0B0F31AEA623B00DB4C31 /* BallView.swift */; };
		F0D0B0F61AEA758A00DB4C31 /* GameBehavior.swift in Sources */ = {isa = PBXBuildFile; fileRef = F0D0B0F51AEA758A00DB4C31 /* GameBehavior.swift */; };
		F0E9736B1AE9623D00351E23 /* AppDelegate.swift in Sources */ = {isa = PBXBuildFile; fileRef = F0E9736A1AE9623D00351E23 /* AppDelegate.swift */; };
		F0E973701AE9623D00351E23 /* Main.storyboard in Resources */ = {isa = PBXBuildFile; fileRef = F0E9736E1AE9623D00351E23 /* Main.storyboard */; };
		F0E973721AE9623D00351E23 /* Images.xcassets in Resources */ = {isa = PBXBuildFile; fileRef = F0E973711AE9623D00351E23 /* Images.xcassets */; };
		F0E973751AE9623D00351E23 /* LaunchScreen.xib in Resources */ = {isa = PBXBuildFile; fileRef = F0E973731AE9623D00351E23 /* LaunchScreen.xib */; };
		F0E973811AE9623D00351E23 /* BreakoutTwinTests.swift in Sources */ = {isa = PBXBuildFile; fileRef = F0E973801AE9623D00351E23 /* BreakoutTwinTests.swift */; };
		F0E9738B1AE963D400351E23 /* BreakoutTwinViewController.swift in Sources */ = {isa = PBXBuildFile; fileRef = F0E9738A1AE963D400351E23 /* BreakoutTwinViewController.swift */; };
		F0E9738D1AE9660F00351E23 /* BezierPathsView.swift in Sources */ = {isa = PBXBuildFile; fileRef = F0E9738C1AE9660F00351E23 /* BezierPathsView.swift */; };
		F0E973901AE9736A00351E23 /* gradientBackground.swift in Sources */ = {isa = PBXBuildFile; fileRef = F0E9738F1AE9736A00351E23 /* gradientBackground.swift */; };
		F0E973921AE9859700351E23 /* PaddleView.swift in Sources */ = {isa = PBXBuildFile; fileRef = F0E973911AE9859700351E23 /* PaddleView.swift */; };
/* End PBXBuildFile section */

/* Begin PBXContainerItemProxy section */
		F0E9737B1AE9623D00351E23 /* PBXContainerItemProxy */ = {
			isa = PBXContainerItemProxy;
			containerPortal = F0E9735D1AE9623D00351E23 /* Project object */;
			proxyType = 1;
			remoteGlobalIDString = F0E973641AE9623D00351E23;
			remoteInfo = BreakoutTwin;
		};
/* End PBXContainerItemProxy section */

/* Begin PBXFileReference section */
		F0D0B0F31AEA623B00DB4C31 /* BallView.swift */ = {isa = PBXFileReference; fileEncoding = 4; lastKnownFileType = sourcecode.swift; path = BallView.swift; sourceTree = "<group>"; };
		F0D0B0F51AEA758A00DB4C31 /* GameBehavior.swift */ = {isa = PBXFileReference; fileEncoding = 4; lastKnownFileType = sourcecode.swift; path = GameBehavior.swift; sourceTree = "<group>"; };
		F0E973651AE9623D00351E23 /* BreakoutTwin.app */ = {isa = PBXFileReference; explicitFileType = wrapper.application; includeInIndex = 0; path = BreakoutTwin.app; sourceTree = BUILT_PRODUCTS_DIR; };
		F0E973691AE9623D00351E23 /* Info.plist */ = {isa = PBXFileReference; lastKnownFileType = text.plist.xml; path = Info.plist; sourceTree = "<group>"; };
		F0E9736A1AE9623D00351E23 /* AppDelegate.swift */ = {isa = PBXFileReference; lastKnownFileType = sourcecode.swift; path = AppDelegate.swift; sourceTree = "<group>"; };
		F0E9736F1AE9623D00351E23 /* Base */ = {isa = PBXFileReference; lastKnownFileType = file.storyboard; name = Base; path = Base.lproj/Main.storyboard; sourceTree = "<group>"; };
		F0E973711AE9623D00351E23 /* Images.xcassets */ = {isa = PBXFileReference; lastKnownFileType = folder.assetcatalog; path = Images.xcassets; sourceTree = "<group>"; };
		F0E973741AE9623D00351E23 /* Base */ = {isa = PBXFileReference; lastKnownFileType = file.xib; name = Base; path = Base.lproj/LaunchScreen.xib; sourceTree = "<group>"; };
		F0E9737A1AE9623D00351E23 /* BreakoutTwinTests.xctest */ = {isa = PBXFileReference; explicitFileType = wrapper.cfbundle; includeInIndex = 0; path = BreakoutTwinTests.xctest; sourceTree = BUILT_PRODUCTS_DIR; };
		F0E9737F1AE9623D00351E23 /* Info.plist */ = {isa = PBXFileReference; lastKnownFileType = text.plist.xml; path = Info.plist; sourceTree = "<group>"; };
		F0E973801AE9623D00351E23 /* BreakoutTwinTests.swift */ = {isa = PBXFileReference; lastKnownFileType = sourcecode.swift; path = BreakoutTwinTests.swift; sourceTree = "<group>"; };
		F0E9738A1AE963D400351E23 /* BreakoutTwinViewController.swift */ = {isa = PBXFileReference; fileEncoding = 4; lastKnownFileType = sourcecode.swift; path = BreakoutTwinViewController.swift; sourceTree = "<group>"; };
		F0E9738C1AE9660F00351E23 /* BezierPathsView.swift */ = {isa = PBXFileReference; fileEncoding = 4; lastKnownFileType = sourcecode.swift; path = BezierPathsView.swift; sourceTree = "<group>"; };
		F0E9738F1AE9736A00351E23 /* gradientBackground.swift */ = {isa = PBXFileReference; fileEncoding = 4; lastKnownFileType = sourcecode.swift; path = gradientBackground.swift; sourceTree = "<group>"; };
		F0E973911AE9859700351E23 /* PaddleView.swift */ = {isa = PBXFileReference; fileEncoding = 4; lastKnownFileType = sourcecode.swift; path = PaddleView.swift; sourceTree = "<group>"; };
/* End PBXFileReference section */

/* Begin PBXFrameworksBuildPhase section */
		F0E973621AE9623D00351E23 /* Frameworks */ = {
			isa = PBXFrameworksBuildPhase;
			buildActionMask = 2147483647;
			files = (
			);
			runOnlyForDeploymentPostprocessing = 0;
		};
		F0E973771AE9623D00351E23 /* Frameworks */ = {
			isa = PBXFrameworksBuildPhase;
			buildActionMask = 2147483647;
			files = (
			);
			runOnlyForDeploymentPostprocessing = 0;
		};
/* End PBXFrameworksBuildPhase section */

/* Begin PBXGroup section */
		F0E9735C1AE9623D00351E23 = {
			isa = PBXGroup;
			children = (
				F0E973671AE9623D00351E23 /* BreakoutTwin */,
				F0E9737D1AE9623D00351E23 /* BreakoutTwinTests */,
				F0E973661AE9623D00351E23 /* Products */,
			);
			sourceTree = "<group>";
		};
		F0E973661AE9623D00351E23 /* Products */ = {
			isa = PBXGroup;
			children = (
				F0E973651AE9623D00351E23 /* BreakoutTwin.app */,
				F0E9737A1AE9623D00351E23 /* BreakoutTwinTests.xctest */,
			);
			name = Products;
			sourceTree = "<group>";
		};
		F0E973671AE9623D00351E23 /* BreakoutTwin */ = {
			isa = PBXGroup;
			children = (
				F0E9738E1AE9734D00351E23 /* extensions */,
				F0D0B0F31AEA623B00DB4C31 /* BallView.swift */,
				F0D0B0F51AEA758A00DB4C31 /* GameBehavior.swift */,
				F0E9736E1AE9623D00351E23 /* Main.storyboard */,
				F0E973911AE9859700351E23 /* PaddleView.swift */,
				F0E9738A1AE963D400351E23 /* BreakoutTwinViewController.swift */,
				F0E9738C1AE9660F00351E23 /* BezierPathsView.swift */,
				F0E973681AE9623D00351E23 /* Supporting Files */,
			);
			path = BreakoutTwin;
			sourceTree = "<group>";
		};
		F0E973681AE9623D00351E23 /* Supporting Files */ = {
			isa = PBXGroup;
			children = (
				F0E973711AE9623D00351E23 /* Images.xcassets */,
				F0E973731AE9623D00351E23 /* LaunchScreen.xib */,
				F0E9736A1AE9623D00351E23 /* AppDelegate.swift */,
				F0E973691AE9623D00351E23 /* Info.plist */,
			);
			name = "Supporting Files";
			sourceTree = "<group>";
		};
		F0E9737D1AE9623D00351E23 /* BreakoutTwinTests */ = {
			isa = PBXGroup;
			children = (
				F0E973801AE9623D00351E23 /* BreakoutTwinTests.swift */,
				F0E9737E1AE9623D00351E23 /* Supporting Files */,
			);
			path = BreakoutTwinTests;
			sourceTree = "<group>";
		};
		F0E9737E1AE9623D00351E23 /* Supporting Files */ = {
			isa = PBXGroup;
			children = (
				F0E9737F1AE9623D00351E23 /* Info.plist */,
			);
			name = "Supporting Files";
			sourceTree = "<group>";
		};
		F0E9738E1AE9734D00351E23 /* extensions */ = {
			isa = PBXGroup;
			children = (
				F0E9738F1AE9736A00351E23 /* gradientBackground.swift */,
			);
			name = extensions;
			sourceTree = "<group>";
		};
/* End PBXGroup section */

/* Begin PBXNativeTarget section */
		F0E973641AE9623D00351E23 /* BreakoutTwin */ = {
			isa = PBXNativeTarget;
			buildConfigurationList = F0E973841AE9623D00351E23 /* Build configuration list for PBXNativeTarget "BreakoutTwin" */;
			buildPhases = (
				F0E973611AE9623D00351E23 /* Sources */,
				F0E973621AE9623D00351E23 /* Frameworks */,
				F0E973631AE9623D00351E23 /* Resources */,
			);
			buildRules = (
			);
			dependencies = (
			);
			name = BreakoutTwin;
			productName = BreakoutTwin;
			productReference = F0E973651AE9623D00351E23 /* BreakoutTwin.app */;
			productType = "com.apple.product-type.application";
		};
		F0E973791AE9623D00351E23 /* BreakoutTwinTests */ = {
			isa = PBXNativeTarget;
			buildConfigurationList = F0E973871AE9623D00351E23 /* Build configuration list for PBXNativeTarget "BreakoutTwinTests" */;
			buildPhases = (
				F0E973761AE9623D00351E23 /* Sources */,
				F0E973771AE9623D00351E23 /* Frameworks */,
				F0E973781AE9623D00351E23 /* Resources */,
			);
			buildRules = (
			);
			dependencies = (
				F0E9737C1AE9623D00351E23 /* PBXTargetDependency */,
			);
			name = BreakoutTwinTests;
			productName = BreakoutTwinTests;
			productReference = F0E9737A1AE9623D00351E23 /* BreakoutTwinTests.xctest */;
			productType = "com.apple.product-type.bundle.unit-test";
		};
/* End PBXNativeTarget section */

/* Begin PBXProject section */
		F0E9735D1AE9623D00351E23 /* Project object */ = {
			isa = PBXProject;
			attributes = {
				LastUpgradeCheck = 0610;
				ORGANIZATIONNAME = "Collin Oosterbaan";
				TargetAttributes = {
					F0E973641AE9623D00351E23 = {
						CreatedOnToolsVersion = 6.1.1;
					};
					F0E973791AE9623D00351E23 = {
						CreatedOnToolsVersion = 6.1.1;
						TestTargetID = F0E973641AE9623D00351E23;
					};
				};
			};
			buildConfigurationList = F0E973601AE9623D00351E23 /* Build configuration list for PBXProject "BreakoutTwin" */;
			compatibilityVersion = "Xcode 3.2";
			developmentRegion = English;
			hasScannedForEncodings = 0;
			knownRegions = (
				en,
				Base,
			);
			mainGroup = F0E9735C1AE9623D00351E23;
			productRefGroup = F0E973661AE9623D00351E23 /* Products */;
			projectDirPath = "";
			projectRoot = "";
			targets = (
				F0E973641AE9623D00351E23 /* BreakoutTwin */,
				F0E973791AE9623D00351E23 /* BreakoutTwinTests */,
			);
		};
/* End PBXProject section */

/* Begin PBXResourcesBuildPhase section */
		F0E973631AE9623D00351E23 /* Resources */ = {
			isa = PBXResourcesBuildPhase;
			buildActionMask = 2147483647;
			files = (
				F0E973701AE9623D00351E23 /* Main.storyboard in Resources */,
				F0E973751AE9623D00351E23 /* LaunchScreen.xib in Resources */,
				F0E973721AE9623D00351E23 /* Images.xcassets in Resources */,
			);
			runOnlyForDeploymentPostprocessing = 0;
		};
		F0E973781AE9623D00351E23 /* Resources */ = {
			isa = PBXResourcesBuildPhase;
			buildActionMask = 2147483647;
			files = (
			);
			runOnlyForDeploymentPostprocessing = 0;
		};
/* End PBXResourcesBuildPhase section */

/* Begin PBXSourcesBuildPhase section */
		F0E973611AE9623D00351E23 /* Sources */ = {
			isa = PBXSourcesBuildPhase;
			buildActionMask = 2147483647;
			files = (
				F0E9738D1AE9660F00351E23 /* BezierPathsView.swift in Sources */,
				F0E973901AE9736A00351E23 /* gradientBackground.swift in Sources */,
				F0E973921AE9859700351E23 /* PaddleView.swift in Sources */,
				F0D0B0F61AEA758A00DB4C31 /* GameBehavior.swift in Sources */,
				F0D0B0F41AEA623B00DB4C31 /* BallView.swift in Sources */,
				F0E9738B1AE963D400351E23 /* BreakoutTwinViewController.swift in Sources */,
				F0E9736B1AE9623D00351E23 /* AppDelegate.swift in Sources */,
			);
			runOnlyForDeploymentPostprocessing = 0;
		};
		F0E973761AE9623D00351E23 /* Sources */ = {
			isa = PBXSourcesBuildPhase;
			buildActionMask = 2147483647;
			files = (
				F0E973811AE9623D00351E23 /* BreakoutTwinTests.swift in Sources */,
			);
			runOnlyForDeploymentPostprocessing = 0;
		};
/* End PBXSourcesBuildPhase section */

/* Begin PBXTargetDependency section */
		F0E9737C1AE9623D00351E23 /* PBXTargetDependency */ = {
			isa = PBXTargetDependency;
			target = F0E973641AE9623D00351E23 /* BreakoutTwin */;
			targetProxy = F0E9737B1AE9623D00351E23 /* PBXContainerItemProxy */;
		};
/* End PBXTargetDependency section */

/* Begin PBXVariantGroup section */
		F0E9736E1AE9623D00351E23 /* Main.storyboard */ = {
			isa = PBXVariantGroup;
			children = (
				F0E9736F1AE9623D00351E23 /* Base */,
			);
			name = Main.storyboard;
			sourceTree = "<group>";
		};
		F0E973731AE9623D00351E23 /* LaunchScreen.xib */ = {
			isa = PBXVariantGroup;
			children = (
				F0E973741AE9623D00351E23 /* Base */,
			);
			name = LaunchScreen.xib;
			sourceTree = "<group>";
		};
/* End PBXVariantGroup section */

/* Begin XCBuildConfiguration section */
		F0E973821AE9623D00351E23 /* Debug */ = {
			isa = XCBuildConfiguration;
			buildSettings = {
				ALWAYS_SEARCH_USER_PATHS = NO;
				CLANG_CXX_LANGUAGE_STANDARD = "gnu++0x";
				CLANG_CXX_LIBRARY = "libc++";
				CLANG_ENABLE_MODULES = YES;
				CLANG_ENABLE_OBJC_ARC = YES;
				CLANG_WARN_BOOL_CONVERSION = YES;
				CLANG_WARN_CONSTANT_CONVERSION = YES;
				CLANG_WARN_DIRECT_OBJC_ISA_USAGE = YES_ERROR;
				CLANG_WARN_EMPTY_BODY = YES;
				CLANG_WARN_ENUM_CONVERSION = YES;
				CLANG_WARN_INT_CONVERSION = YES;
				CLANG_WARN_OBJC_ROOT_CLASS = YES_ERROR;
				CLANG_WARN_UNREACHABLE_CODE = YES;
				CLANG_WARN__DUPLICATE_METHOD_MATCH = YES;
				"CODE_SIGN_IDENTITY[sdk=iphoneos*]" = "iPhone Developer";
				COPY_PHASE_STRIP = NO;
				ENABLE_STRICT_OBJC_MSGSEND = YES;
				GCC_C_LANGUAGE_STANDARD = gnu99;
				GCC_DYNAMIC_NO_PIC = NO;
				GCC_OPTIMIZATION_LEVEL = 0;
				GCC_PREPROCESSOR_DEFINITIONS = (
					"DEBUG=1",
					"$(inherited)",
				);
				GCC_SYMBOLS_PRIVATE_EXTERN = NO;
				GCC_WARN_64_TO_32_BIT_CONVERSION = YES;
				GCC_WARN_ABOUT_RETURN_TYPE = YES_ERROR;
				GCC_WARN_UNDECLARED_SELECTOR = YES;
				GCC_WARN_UNINITIALIZED_AUTOS = YES_AGGRESSIVE;
				GCC_WARN_UNUSED_FUNCTION = YES;
				GCC_WARN_UNUSED_VARIABLE = YES;
				IPHONEOS_DEPLOYMENT_TARGET = 8.1;
				MTL_ENABLE_DEBUG_INFO = YES;
				ONLY_ACTIVE_ARCH = YES;
				SDKROOT = iphoneos;
				SWIFT_OPTIMIZATION_LEVEL = "-Onone";
				TARGETED_DEVICE_FAMILY = "1,2";
			};
			name = Debug;
		};
		F0E973831AE9623D00351E23 /* Release */ = {
			isa = XCBuildConfiguration;
			buildSettings = {
				ALWAYS_SEARCH_USER_PATHS = NO;
				CLANG_CXX_LANGUAGE_STANDARD = "gnu++0x";
				CLANG_CXX_LIBRARY = "libc++";
				CLANG_ENABLE_MODULES = YES;
				CLANG_ENABLE_OBJC_ARC = YES;
				CLANG_WARN_BOOL_CONVERSION = YES;
				CLANG_WARN_CONSTANT_CONVERSION = YES;
				CLANG_WARN_DIRECT_OBJC_ISA_USAGE = YES_ERROR;
				CLANG_WARN_EMPTY_BODY = YES;
				CLANG_WARN_ENUM_CONVERSION = YES;
				CLANG_WARN_INT_CONVERSION = YES;
				CLANG_WARN_OBJC_ROOT_CLASS = YES_ERROR;
				CLANG_WARN_UNREACHABLE_CODE = YES;
				CLANG_WARN__DUPLICATE_METHOD_MATCH = YES;
				"CODE_SIGN_IDENTITY[sdk=iphoneos*]" = "iPhone Developer";
				COPY_PHASE_STRIP = YES;
				ENABLE_NS_ASSERTIONS = NO;
				ENABLE_STRICT_OBJC_MSGSEND = YES;
				GCC_C_LANGUAGE_STANDARD = gnu99;
				GCC_WARN_64_TO_32_BIT_CONVERSION = YES;
				GCC_WARN_ABOUT_RETURN_TYPE = YES_ERROR;
				GCC_WARN_UNDECLARED_SELECTOR = YES;
				GCC_WARN_UNINITIALIZED_AUTOS = YES_AGGRESSIVE;
				GCC_WARN_UNUSED_FUNCTION = YES;
				GCC_WARN_UNUSED_VARIABLE = YES;
				IPHONEOS_DEPLOYMENT_TARGET = 8.1;
				MTL_ENABLE_DEBUG_INFO = NO;
				SDKROOT = iphoneos;
				TARGETED_DEVICE_FAMILY = "1,2";
				VALIDATE_PRODUCT = YES;
			};
			name = Release;
		};
		F0E973851AE9623D00351E23 /* Debug */ = {
			isa = XCBuildConfiguration;
			buildSettings = {
				ASSETCATALOG_COMPILER_APPICON_NAME = AppIcon;
				INFOPLIST_FILE = BreakoutTwin/Info.plist;
				LD_RUNPATH_SEARCH_PATHS = "$(inherited) @executable_path/Frameworks";
				PRODUCT_NAME = "$(TARGET_NAME)";
			};
			name = Debug;
		};
		F0E973861AE9623D00351E23 /* Release */ = {
			isa = XCBuildConfiguration;
			buildSettings = {
				ASSETCATALOG_COMPILER_APPICON_NAME = AppIcon;
				INFOPLIST_FILE = BreakoutTwin/Info.plist;
				LD_RUNPATH_SEARCH_PATHS = "$(inherited) @executable_path/Frameworks";
				PRODUCT_NAME = "$(TARGET_NAME)";
			};
			name = Release;
		};
		F0E973881AE9623D00351E23 /* Debug */ = {
			isa = XCBuildConfiguration;
			buildSettings = {
				BUNDLE_LOADER = "$(TEST_HOST)";
				FRAMEWORK_SEARCH_PATHS = (
					"$(SDKROOT)/Developer/Library/Frameworks",
					"$(inherited)",
				);
				GCC_PREPROCESSOR_DEFINITIONS = (
					"DEBUG=1",
					"$(inherited)",
				);
				INFOPLIST_FILE = BreakoutTwinTests/Info.plist;
				LD_RUNPATH_SEARCH_PATHS = "$(inherited) @executable_path/Frameworks @loader_path/Frameworks";
				PRODUCT_NAME = "$(TARGET_NAME)";
				TEST_HOST = "$(BUILT_PRODUCTS_DIR)/BreakoutTwin.app/BreakoutTwin";
			};
			name = Debug;
		};
		F0E973891AE9623D00351E23 /* Release */ = {
			isa = XCBuildConfiguration;
			buildSettings = {
				BUNDLE_LOADER = "$(TEST_HOST)";
				FRAMEWORK_SEARCH_PATHS = (
					"$(SDKROOT)/Developer/Library/Frameworks",
					"$(inherited)",
				);
				INFOPLIST_FILE = BreakoutTwinTests/Info.plist;
				LD_RUNPATH_SEARCH_PATHS = "$(inherited) @executable_path/Frameworks @loader_path/Frameworks";
				PRODUCT_NAME = "$(TARGET_NAME)";
				TEST_HOST = "$(BUILT_PRODUCTS_DIR)/BreakoutTwin.app/BreakoutTwin";
			};
			name = Release;
		};
/* End XCBuildConfiguration section */

/* Begin XCConfigurationList section */
		F0E973601AE9623D00351E23 /* Build configuration list for PBXProject "BreakoutTwin" */ = {
			isa = XCConfigurationList;
			buildConfigurations = (
				F0E973821AE9623D00351E23 /* Debug */,
				F0E973831AE9623D00351E23 /* Release */,
			);
			defaultConfigurationIsVisible = 0;
			defaultConfigurationName = Release;
		};
		F0E973841AE9623D00351E23 /* Build configuration list for PBXNativeTarget "BreakoutTwin" */ = {
			isa = XCConfigurationList;
			buildConfigurations = (
				F0E973851AE9623D00351E23 /* Debug */,
				F0E973861AE9623D00351E23 /* Release */,
			);
			defaultConfigurationIsVisible = 0;
			defaultConfigurationName = Release;
		};
		F0E973871AE9623D00351E23 /* Build configuration list for PBXNativeTarget "BreakoutTwinTests" */ = {
			isa = XCConfigurationList;
			buildConfigurations = (
				F0E973881AE9623D00351E23 /* Debug */,
				F0E973891AE9623D00351E23 /* Release */,
			);
			defaultConfigurationIsVisible = 0;
			defaultConfigurationName = Release;
		};
/* End XCConfigurationList section */
	};
	rootObject = F0E9735D1AE9623D00351E23 /* Project object */;
}
